Microsoft Visual Studio Solution File, Format Version 12.00
# Visual Studio Version 16
VisualStudioVersion = 16.0.30523.141
MinimumVisualStudioVersion = 10.0.40219.1
Project("{FAE04EC0-301F-11D3-BF4B-00C04F79EFBC}") = "TrulyMail.Controls", "TrulyMail.Controls.csproj", "{A14950CB-5A94-49F8-ACCE-803EFD46028B}"
EndProject
Global
	GlobalSection(SolutionConfigurationPlatforms) = preSolution
		Debug|Any CPU = Debug|Any CPU
		Release|Any CPU = Release|Any CPU
	EndGlobalSection
	GlobalSection(ProjectConfigurationPlatforms) = postSolution
		{A14950CB-5A94-49F8-ACCE-803EFD46028B}.Debug|Any CPU.ActiveCfg = Debug|Any CPU
		{A14950CB-5A94-49F8-ACCE-803EFD46028B}.Debug|Any CPU.Build.0 = Debug|Any CPU
		{A14950CB-5A94-49F8-ACCE-803EFD46028B}.Release|Any CPU.ActiveCfg = Release|Any CPU
		{A14950CB-5A94-49F8-ACCE-803EFD46028B}.Release|Any CPU.Build.0 = Release|Any CPU
	EndGlobalSection
	GlobalSection(SolutionProperties) = preSolution
		HideSolutionNode = FALSE
	EndGlobalSection
	GlobalSection(ExtensibilityGlobals) = postSolution
		SolutionGuid = {6B2586DF-21E0-4BBD-ACA6-46724D71A04D}
	EndGlobalSection
EndGlobal
